<?xml version="1.0" encoding="utf-8"?>
<Project ToolsVersion="4.0" xmlns="http://schemas.microsoft.com/developer/msbuild/2003">
  <ItemGroup>
    <Filter Include="Code">
      <UniqueIdentifier>{335afb79-82b0-4005-b500-5e083370a85a}</UniqueIdentifier>
    </Filter>
    <Filter Include="Docs">
      <UniqueIdentifier>{f4465ad0-c7a6-4ea3-8326-ed1b9283e457}</UniqueIdentifier>
    </Filter>
    <Filter Include="Submodules">
      <UniqueIdentifier>{594d5cb6-7083-494b-9183-11fa702184eb}</UniqueIdentifier>
    </Filter>
    <Filter Include="Submodules\Coco">
      <UniqueIdentifier>{43907bb5-aad3-4793-b8b0-5d5e6f0920d0}</UniqueIdentifier>
    </Filter>
    <Filter Include="Code\Core">
      <UniqueIdentifier>{b0e90ed9-0a21-49a1-a052-ce49dadb3fff}</UniqueIdentifier>
    </Filter>
    <Filter Include="Submodules\Coco\Copy">
      <UniqueIdentifier>{20207325-d757-4430-be74-68c750d82a84}</UniqueIdentifier>
    </Filter>
    <Filter Include="Code\Core\Files">
      <UniqueIdentifier>{ddd9e179-34d3-40e6-93b5-be612778d970}</UniqueIdentifier>
    </Filter>
    <Filter Include="Code\Core\Files\Models">
      <UniqueIdentifier>{b039b6f9-5816-4714-87c1-3da0592bc5a9}</UniqueIdentifier>
    </Filter>
    <Filter Include="Code\Core\Files\Views">
      <UniqueIdentifier>{783e034b-b5e9-4c9b-9bdb-3c9d574fff81}</UniqueIdentifier>
    </Filter>
    <Filter Include="Code\Core\UI">
      <UniqueIdentifier>{233668b0-b04a-47ae-98f5-3d46cc79f3e0}</UniqueIdentifier>
    </Filter>
    <Filter Include="Code\Auxiliary">
      <UniqueIdentifier>{bda3c9fb-5a9a-42fd-8bbb-e93311f86fdf}</UniqueIdentifier>
    </Filter>
    <Filter Include="Code\Core\Services">
      <UniqueIdentifier>{0cb6ad4f-25d7-4cfd-b279-e0458071c557}</UniqueIdentifier>
    </Filter>
    <Filter Include="Code\Core\Workspaces">
      <UniqueIdentifier>{5f50bb95-fbb7-49c3-98a1-68332f2331d2}</UniqueIdentifier>
    </Filter>
    <Filter Include="Resources">
      <UniqueIdentifier>{9e2ad22f-c630-4309-9e3b-b6d53d9b2395}</UniqueIdentifier>
    </Filter>
    <Filter Include="Code\Core\UI\TabWidget">
      <UniqueIdentifier>{4f99141d-7bdf-4545-b990-e1b970c28766}</UniqueIdentifier>
    </Filter>
    <Filter Include="Translations">
      <UniqueIdentifier>{bbbe929e-1ae3-4343-bb09-41aed0f08c06}</UniqueIdentifier>
    </Filter>
    <Filter Include="Code\Auxiliary\Modules">
      <UniqueIdentifier>{d156e859-f9aa-4d0f-af5c-f75aeff6edb0}</UniqueIdentifier>
    </Filter>
    <Filter Include="Code\Auxiliary\Modules\ColorBar">
      <UniqueIdentifier>{67032abf-8d30-4177-aa58-306cbc9457ad}</UniqueIdentifier>
    </Filter>
    <Filter Include="Code\Core\Workspaces\Notebook">
      <UniqueIdentifier>{065829c6-94f2-4c82-b7a5-3e20abb7c64b}</UniqueIdentifier>
    </Filter>
    <Filter Include="Old %28Remove Later%29">
      <UniqueIdentifier>{6ff179fe-5e05-4c0f-a145-35d3cd86fbbb}</UniqueIdentifier>
    </Filter>
    <Filter Include="Code\Core\Workspaces\Bus">
      <UniqueIdentifier>{84840505-6dd6-477e-9f05-bce414d0344a}</UniqueIdentifier>
    </Filter>
    <Filter Include="Docs\Todos">
      <UniqueIdentifier>{1c3b61bf-1f84-4986-9a82-798d30675210}</UniqueIdentifier>
    </Filter>
    <Filter Include="Resources\SVGs">
      <UniqueIdentifier>{ae85a038-977a-48f7-8ae8-cf5aa02a48a4}</UniqueIdentifier>
    </Filter>
    <Filter Include="Code\Core\UI\AccordionWidget">
      <UniqueIdentifier>{3e20ed0c-dc4b-49cf-a586-aaa75911331d}</UniqueIdentifier>
    </Filter>
    <Filter Include="Code\Core\Workspaces\Notepad">
      <UniqueIdentifier>{ee887ea1-4b9d-4803-b3e8-00c4da036ae6}</UniqueIdentifier>
    </Filter>
    <Filter Include="Code\Core\UI\Menus">
      <UniqueIdentifier>{2d379fce-5bd9-4a17-9bcf-fec233433849}</UniqueIdentifier>
    </Filter>
    <Filter Include="Code\Core\Services\Settings">
      <UniqueIdentifier>{9d4181d7-dd93-4d05-80f2-8b26fa55987e}</UniqueIdentifier>
    </Filter>
    <Filter Include="Resources\Themes">
      <UniqueIdentifier>{813fd79e-b6d6-44e7-9831-bb99687ff25d}</UniqueIdentifier>
    </Filter>
    <Filter Include="Code\Auxiliary\Modules\Style">
      <UniqueIdentifier>{7d682663-e7de-465b-946d-733c8f61519e}</UniqueIdentifier>
    </Filter>
    <Filter Include="Resources\Themes\Editor">
      <UniqueIdentifier>{fe4898c0-7b8c-40e6-94e0-01c64a5b2d0f}</UniqueIdentifier>
    </Filter>
    <Filter Include="Resources\Themes\Window">
      <UniqueIdentifier>{3d929cc5-ae76-47a5-9d3f-f5dca3956971}</UniqueIdentifier>
    </Filter>
    <Filter Include="Code\Core\Files\Views\TextFileView">
      <UniqueIdentifier>{c7e5e7fd-c204-4d6a-9f2d-fa946b890f2a}</UniqueIdentifier>
    </Filter>
    <Filter Include="Code\Core\UI\PlainTextEdit">
      <UniqueIdentifier>{4b9949e6-d4b3-4d6e-aceb-3f21f3892365}</UniqueIdentifier>
    </Filter>
    <Filter Include="Code\Core\UI\Settings">
      <UniqueIdentifier>{3c4a69c6-8c19-4945-bb21-db9ae3e35a72}</UniqueIdentifier>
    </Filter>
    <Filter Include="Code\Core\UI\Saving">
      <UniqueIdentifier>{3a6e19d6-a08d-42f3-8ca5-9205c56f7bda}</UniqueIdentifier>
    </Filter>
    <Filter Include="Code\Auxiliary\Modules\WordCounter">
      <UniqueIdentifier>{fe0b1298-3c86-4900-868d-bdd8646e09ba}</UniqueIdentifier>
    </Filter>
    <Filter Include="Scripts">
      <UniqueIdentifier>{b938b2ee-9860-4380-992c-c5046125c74a}</UniqueIdentifier>
    </Filter>
    <Filter Include="Packaging">
      <UniqueIdentifier>{f93aebe4-fc11-4c96-9f7d-b7d9bac68fdb}</UniqueIdentifier>
    </Filter>
  </ItemGroup>
  <ItemGroup>
    <ClCompile Include="src\Main.cpp">
      <Filter>Code</Filter>
    </ClCompile>
    <ClCompile Include="submodules\Coco\Coco\src\Fx.cpp">
      <Filter>Submodules\Coco</Filter>
    </ClCompile>
    <ClCompile Include="submodules\Coco\Coco\src\Path.cpp">
      <Filter>Submodules\Coco</Filter>
    </ClCompile>
    <ClCompile Include="submodules\Coco\Coco\src\PathUtil.cpp">
      <Filter>Submodules\Coco</Filter>
    </ClCompile>
    <ClCompile Include="submodules\Coco\Coco\src\StartCop.cpp">
      <Filter>Submodules\Coco</Filter>
    </ClCompile>
    <ClCompile Include="submodules\Coco\Coco\src\TextIo.cpp">
      <Filter>Submodules\Coco</Filter>
    </ClCompile>
    <ClCompile Include="src\Window.cpp">
      <Filter>Code\Core\UI</Filter>
    </ClCompile>
    <ClCompile Include="src\WindowService.cpp">
      <Filter>Code\Core\Services</Filter>
    </ClCompile>
    <ClCompile Include="src\Tr.cpp">
      <Filter>Code\Core</Filter>
    </ClCompile>
    <ClCompile Include="src\FnxModel.cpp">
      <Filter>Code\Core\Workspaces\Notebook</Filter>
    </ClCompile>
    <ClCompile Include="src\old_FnxModel.cpp">
      <Filter>Old %28Remove Later%29</Filter>
    </ClCompile>
    <ClCompile Include="src\Workspace.cpp">
      <Filter>Code\Core\Workspaces</Filter>
    </ClCompile>
    <ClCompile Include="src\CollapsibleWidget.cpp">
      <Filter>Code\Core\UI\AccordionWidget</Filter>
    </ClCompile>
    <ClCompile Include="src\TabWidget.cpp">
      <Filter>Code\Core\UI\TabWidget</Filter>
    </ClCompile>
    <ClCompile Include="src\TextFileView.cpp">
      <Filter>Code\Core\Files\Views\TextFileView</Filter>
    </ClCompile>
    <ClCompile Include="src\PlainTextEdit.cpp">
      <Filter>Code\Core\UI\PlainTextEdit</Filter>
    </ClCompile>
    <ClCompile Include="src\AboutDialog.cpp">
      <Filter>Code\Core\UI</Filter>
    </ClCompile>
  </ItemGroup>
  <ItemGroup>
    <None Include="..\README.md" />
    <None Include="..\.gitignore" />
    <None Include="docs\VSProjectSettings.md">
      <Filter>Docs</Filter>
    </None>
    <None Include="cpp.hint" />
    <None Include="..\.clang-format-ignore" />
    <None Include="..\.clang-format" />
    <None Include="submodules\Coco\Coco\copy\Class.md">
      <Filter>Submodules\Coco\Copy</Filter>
    </None>
    <None Include="..\.gitattributes" />
    <None Include="submodules\Coco\Coco\copy\License Statement.md">
      <Filter>Submodules\Coco\Copy</Filter>
    </None>
    <None Include="docs\Style.md">
      <Filter>Docs</Filter>
    </None>
    <None Include="docs\old_TempTodos.md">
      <Filter>Old %28Remove Later%29</Filter>
    </None>
    <None Include="docs\Roadmap.md">
      <Filter>Docs\Todos</Filter>
    </None>
    <None Include="docs\CodeCleanup.md">
      <Filter>Docs\Todos</Filter>
    </None>
    <None Include="docs\old_Closures.md">
      <Filter>Old %28Remove Later%29</Filter>
    </None>
    <None Include="docs\old_Openings.md">
      <Filter>Old %28Remove Later%29</Filter>
    </None>
    <None Include="docs\old_Saves.md">
      <Filter>Old %28Remove Later%29</Filter>
    </None>
    <None Include="resources\ui\Dot.svg">
      <Filter>Resources\SVGs</Filter>
    </None>
    <None Include="resources\ui\Plus.svg">
      <Filter>Resources\SVGs</Filter>
    </None>
    <None Include="resources\ui\X.svg">
      <Filter>Resources\SVGs</Filter>
    </None>
    <None Include="resources\ui\ChevronRight.svg">
      <Filter>Resources\SVGs</Filter>
    </None>
    <None Include="resources\ui\ChevronDown.svg">
      <Filter>Resources\SVGs</Filter>
    </None>
    <None Include="resources\ui\ChevronLeft.svg">
      <Filter>Resources\SVGs</Filter>
    </None>
    <None Include="resources\ui\ChevronUp.svg">
      <Filter>Resources\SVGs</Filter>
    </None>
    <None Include="docs\old_StartupFlowchart.md">
      <Filter>Old %28Remove Later%29</Filter>
    </None>
    <None Include="docs\Notebooks.md">
      <Filter>Docs</Filter>
    </None>
    <None Include="docs\Architecture.md">
      <Filter>Docs</Filter>
    </None>
    <None Include="docs\FileModelsAndViews.md">
      <Filter>Docs</Filter>
    </None>
    <None Include="docs\ApplicationDirectories.md">
      <Filter>Docs</Filter>
    </None>
    <None Include="docs\old_SoCAudit.md">
      <Filter>Old %28Remove Later%29</Filter>
    </None>
    <None Include="docs\old_temp_DocsPlan.md">
      <Filter>Old %28Remove Later%29</Filter>
    </None>
    <None Include="docs\Dependencies.md">
      <Filter>Docs</Filter>
    </None>
    <None Include="resources\themes\Amber.fernanda_editor">
      <Filter>Resources\Themes\Editor</Filter>
    </None>
    <None Include="resources\themes\Blue.fernanda_editor">
      <Filter>Resources\Themes\Editor</Filter>
    </None>
    <None Include="resources\themes\Green.fernanda_editor">
      <Filter>Resources\Themes\Editor</Filter>
    </None>
    <None Include="resources\themes\Grey.fernanda_editor">
      <Filter>Resources\Themes\Editor</Filter>
    </None>
    <None Include="resources\themes\Pocket (Alt).fernanda_editor">
      <Filter>Resources\Themes\Editor</Filter>
    </None>
    <None Include="resources\themes\Pocket.fernanda_editor">
      <Filter>Resources\Themes\Editor</Filter>
    </None>
    <None Include="resources\themes\Snooze (Alt).fernanda_editor">
      <Filter>Resources\Themes\Editor</Filter>
    </None>
    <None Include="resources\themes\Snooze.fernanda_editor">
      <Filter>Resources\Themes\Editor</Filter>
    </None>
    <None Include="resources\themes\Editor.fernanda_qss_template">
      <Filter>Resources\Themes</Filter>
    </None>
    <None Include="resources\themes\Window.fernanda_qss_template">
      <Filter>Resources\Themes</Filter>
    </None>
    <None Include="resources\themes\old_Dark.fernanda_window">
      <Filter>Old %28Remove Later%29</Filter>
    </None>
    <None Include="resources\themes\old_Light.fernanda_window">
      <Filter>Old %28Remove Later%29</Filter>
    </None>
    <None Include="resources\themes\old_Window.fernanda_qss_template">
      <Filter>Old %28Remove Later%29</Filter>
    </None>
    <None Include="src\old_TranslationCode.md">
      <Filter>Old %28Remove Later%29</Filter>
    </None>
    <None Include="scripts\Update EN pluralonly.bat">
      <Filter>Scripts</Filter>
    </None>
    <None Include="packaging\WindowsPackageRelease.bat">
      <Filter>Packaging</Filter>
    </None>
    <None Include="packaging\WindowsInstaller.iss">
      <Filter>Packaging</Filter>
    </None>
    <None Include="packaging\VSPreBuildGenVersionFullStringTxt.ps1">
      <Filter>Packaging</Filter>
    </None>
  </ItemGroup>
  <ItemGroup>
    <QtMoc Include="submodules\Coco\Coco\include\Coco\StartCop.h">
      <Filter>Submodules\Coco</Filter>
    </QtMoc>
    <QtMoc Include="src\Application.h">
      <Filter>Code\Core</Filter>
    </QtMoc>
    <QtMoc Include="src\TextFileModel.h">
      <Filter>Code\Core\Files\Models</Filter>
    </QtMoc>
    <QtMoc Include="src\NoOpFileView.h">
      <Filter>Code\Core\Files\Views</Filter>
    </QtMoc>
    <QtMoc Include="src\Window.h">
      <Filter>Code\Core\UI</Filter>
    </QtMoc>
    <QtMoc Include="src\FileService.h">
      <Filter>Code\Core\Services</Filter>
    </QtMoc>
    <QtMoc Include="src\ViewService.h">
      <Filter>Code\Core\Services</Filter>
    </QtMoc>
    <QtMoc Include="src\WindowService.h">
      <Filter>Code\Core\Services</Filter>
    </QtMoc>
    <QtMoc Include="src\Workspace.h">
      <Filter>Code\Core\Workspaces</Filter>
    </QtMoc>
    <QtMoc Include="src\TabWidget.h">
      <Filter>Code\Core\UI\TabWidget</Filter>
    </QtMoc>
    <QtMoc Include="src\TabWidgetCloseButton.h">
      <Filter>Code\Core\UI\TabWidget</Filter>
    </QtMoc>
    <QtMoc Include="src\TabWidgetButton.h">
      <Filter>Code\Core\UI\TabWidget</Filter>
    </QtMoc>
    <QtMoc Include="src\TabWidgetTabBar.h">
      <Filter>Code\Core\UI\TabWidget</Filter>
    </QtMoc>
    <QtMoc Include="src\TabWidgetUnderlay.h">
      <Filter>Code\Core\UI\TabWidget</Filter>
    </QtMoc>
    <QtMoc Include="src\NoOpFileModel.h">
      <Filter>Code\Core\Files\Models</Filter>
    </QtMoc>
    <QtMoc Include="src\Timers.h">
      <Filter>Code\Core</Filter>
    </QtMoc>
    <QtMoc Include="src\ColorBarModule.h">
      <Filter>Code\Auxiliary\Modules\ColorBar</Filter>
    </QtMoc>
    <QtMoc Include="src\ColorBar.h">
      <Filter>Code\Auxiliary\Modules\ColorBar</Filter>
    </QtMoc>
    <QtMoc Include="src\Notebook.h">
      <Filter>Code\Core\Workspaces\Notebook</Filter>
    </QtMoc>
    <QtMoc Include="src\FnxModel.h">
      <Filter>Code\Core\Workspaces\Notebook</Filter>
    </QtMoc>
    <QtMoc Include="src\TreeViewService.h">
      <Filter>Code\Core\Services</Filter>
    </QtMoc>
    <QtMoc Include="src\Bus.h">
      <Filter>Code\Core\Workspaces\Bus</Filter>
    </QtMoc>
    <QtMoc Include="src\Commander.h">
      <Filter>Code\Core\Workspaces\Bus</Filter>
    </QtMoc>
    <QtMoc Include="src\AbstractFileModel.h">
      <Filter>Code\Core\Files\Models</Filter>
    </QtMoc>
    <QtMoc Include="src\AbstractFileView.h">
      <Filter>Code\Core\Files\Views</Filter>
    </QtMoc>
    <QtMoc Include="src\AbstractService.h">
      <Filter>Code\Core\Services</Filter>
    </QtMoc>
    <QtMoc Include="src\TreeView.h">
      <Filter>Code\Core\UI</Filter>
    </QtMoc>
    <QtMoc Include="src\AccordionWidget.h">
      <Filter>Code\Core\UI\AccordionWidget</Filter>
    </QtMoc>
    <QtMoc Include="src\CollapsibleWidget.h">
      <Filter>Code\Core\UI\AccordionWidget</Filter>
    </QtMoc>
    <QtMoc Include="src\CollapsibleWidgetHeader.h">
      <Filter>Code\Core\UI\AccordionWidget</Filter>
    </QtMoc>
    <QtMoc Include="src\Notepad.h">
      <Filter>Code\Core\Workspaces\Notepad</Filter>
    </QtMoc>
    <QtMoc Include="src\MenuState.h">
      <Filter>Code\Core\UI\Menus</Filter>
    </QtMoc>
    <QtMoc Include="src\DisplaySlider.h">
      <Filter>Code\Core\UI</Filter>
    </QtMoc>
    <QtMoc Include="src\TieredSettings.h">
      <Filter>Code\Core\Services\Settings</Filter>
    </QtMoc>
    <QtMoc Include="src\SettingsService.h">
      <Filter>Code\Core\Services\Settings</Filter>
    </QtMoc>
    <QtMoc Include="src\SettingsDialog.h">
      <Filter>Code\Core\Services\Settings</Filter>
    </QtMoc>
    <QtMoc Include="src\FileMeta.h">
      <Filter>Code\Core\Files</Filter>
    </QtMoc>
    <QtMoc Include="src\StyleModule.h">
      <Filter>Code\Auxiliary\Modules\Style</Filter>
    </QtMoc>
    <QtMoc Include="src\StyleContext.h">
      <Filter>Code\Auxiliary\Modules\Style</Filter>
    </QtMoc>
    <QtMoc Include="src\TextFileView.h">
      <Filter>Code\Core\Files\Views\TextFileView</Filter>
    </QtMoc>
    <QtMoc Include="src\KeyFilters.h">
      <Filter>Code\Core\Files\Views\TextFileView</Filter>
    </QtMoc>
    <QtMoc Include="src\PlainTextEdit.h">
      <Filter>Code\Core\UI\PlainTextEdit</Filter>
    </QtMoc>
    <QtMoc Include="src\SelectionHandleOverlay.h">
      <Filter>Code\Core\UI\PlainTextEdit</Filter>
    </QtMoc>
    <QtMoc Include="src\EditorPanel.h">
      <Filter>Code\Core\UI\Settings</Filter>
    </QtMoc>
    <QtMoc Include="src\FontSelector.h">
      <Filter>Code\Core\UI\Settings</Filter>
    </QtMoc>
    <QtMoc Include="src\KeyFiltersPanel.h">
      <Filter>Code\Core\UI\Settings</Filter>
    </QtMoc>
    <QtMoc Include="src\ThemeSelector.h">
      <Filter>Code\Core\UI\Settings</Filter>
    </QtMoc>
    <QtMoc Include="src\WordCounterModule.h">
      <Filter>Code\Auxiliary\Modules\WordCounter</Filter>
    </QtMoc>
    <QtMoc Include="src\WordCounter.h">
      <Filter>Code\Auxiliary\Modules\WordCounter</Filter>
    </QtMoc>
    <QtMoc Include="src\WordCounterPanel.h">
      <Filter>Code\Core\UI\Settings</Filter>
    </QtMoc>
    <QtMoc Include="src\InfoCheckBox.h">
      <Filter>Code\Core\UI\Settings</Filter>
    </QtMoc>
  </ItemGroup>
  <ItemGroup>
    <ClInclude Include="src\BuildMessages.h">
      <Filter>Code</Filter>
    </ClInclude>
    <ClInclude Include="submodules\Coco\Coco\include\Coco\Bool.h">
      <Filter>Submodules\Coco</Filter>
    </ClInclude>
    <ClInclude Include="submodules\Coco\Coco\include\Coco\Concepts.h">
      <Filter>Submodules\Coco</Filter>
    </ClInclude>
    <ClInclude Include="submodules\Coco\Coco\include\Coco\Debug.h">
      <Filter>Submodules\Coco</Filter>
    </ClInclude>
    <ClInclude Include="submodules\Coco\Coco\include\Coco\Fx.h">
      <Filter>Submodules\Coco</Filter>
    </ClInclude>
    <ClInclude Include="submodules\Coco\Coco\include\Coco\Global.h">
      <Filter>Submodules\Coco</Filter>
    </ClInclude>
    <ClInclude Include="submodules\Coco\Coco\include\Coco\Layout.h">
      <Filter>Submodules\Coco</Filter>
    </ClInclude>
    <ClInclude Include="submodules\Coco\Coco\include\Coco\Log.h">
      <Filter>Submodules\Coco</Filter>
    </ClInclude>
    <ClInclude Include="submodules\Coco\Coco\include\Coco\Macros.h">
      <Filter>Submodules\Coco</Filter>
    </ClInclude>
    <ClInclude Include="submodules\Coco\Coco\include\Coco\PathUtil.h">
      <Filter>Submodules\Coco</Filter>
    </ClInclude>
    <ClInclude Include="submodules\Coco\Coco\include\Coco\Private.h">
      <Filter>Submodules\Coco</Filter>
    </ClInclude>
    <ClInclude Include="submodules\Coco\Coco\include\Coco\TextIo.h">
      <Filter>Submodules\Coco</Filter>
    </ClInclude>
    <ClInclude Include="submodules\Coco\Coco\include\Coco\Utility.h">
      <Filter>Submodules\Coco</Filter>
    </ClInclude>
    <ClInclude Include="src\XPlatform.h">
      <Filter>Code\Core</Filter>
    </ClInclude>
    <ClInclude Include="src\Tr.h">
      <Filter>Code\Core</Filter>
    </ClInclude>
    <ClInclude Include="src\Version.h">
      <Filter>Code\Core</Filter>
    </ClInclude>
    <ClInclude Include="submodules\Coco\Coco\include\Coco\Path.h">
      <Filter>Submodules\Coco</Filter>
    </ClInclude>
    <ClInclude Include="src\Constants.h">
      <Filter>Code\Core</Filter>
    </ClInclude>
    <ClInclude Include="src\Formatters.h">
      <Filter>Code\Core</Filter>
    </ClInclude>
    <ClInclude Include="src\Debug.h">
      <Filter>Code\Core</Filter>
    </ClInclude>
    <ClInclude Include="src\ToString.h">
      <Filter>Code\Core</Filter>
    </ClInclude>
    <ClInclude Include="src\FileTypes.h">
      <Filter>Code\Core\Workspaces</Filter>
    </ClInclude>
    <ClInclude Include="src\Io.h">
      <Filter>Code\Core\Workspaces</Filter>
    </ClInclude>
    <ClInclude Include="src\TempDir.h">
      <Filter>Code\Core</Filter>
    </ClInclude>
    <ClInclude Include="src\AppDirs.h">
      <Filter>Code\Core</Filter>
    </ClInclude>
    <ClInclude Include="src\Fnx.h">
      <Filter>Code\Core\Workspaces\Notebook</Filter>
    </ClInclude>
    <ClInclude Include="src\NewNotebookPrompt.h">
      <Filter>Code\Core\Workspaces\Notebook</Filter>
    </ClInclude>
    <ClInclude Include="src\TrashPrompt.h">
      <Filter>Code\Core\Workspaces\Notebook</Filter>
    </ClInclude>
    <ClInclude Include="src\MenuShortcuts.h">
      <Filter>Code\Core\Workspaces</Filter>
    </ClInclude>
    <ClInclude Include="src\FnxModelCache.h">
      <Filter>Code\Core\Workspaces\Notebook</Filter>
    </ClInclude>
    <ClInclude Include="src\MenuBuilder.h">
      <Filter>Code\Core\UI\Menus</Filter>
    </ClInclude>
    <ClInclude Include="src\old_FnxModel.h">
      <Filter>Old %28Remove Later%29</Filter>
    </ClInclude>
    <ClInclude Include="src\Ini.h">
      <Filter>Code\Core\Services\Settings</Filter>
    </ClInclude>
    <ClInclude Include="src\UpdateDialog.h">
      <Filter>Code\Core\UI</Filter>
    </ClInclude>
    <ClInclude Include="src\Themes.h">
      <Filter>Code\Auxiliary\Modules\Style</Filter>
    </ClInclude>
    <ClInclude Include="src\Qss.h">
      <Filter>Code\Auxiliary\Modules\Style</Filter>
    </ClInclude>
    <ClInclude Include="src\SavePrompt.h">
      <Filter>Code\Core\UI\Saving</Filter>
    </ClInclude>
    <ClInclude Include="src\SaveFailMessageBox.h">
      <Filter>Code\Core\UI\Saving</Filter>
    </ClInclude>
    <ClInclude Include="src\AboutDialog.h">
      <Filter>Code\Core\UI</Filter>
    </ClInclude>
    <ClInclude Include="src\BetaAlert.h">
      <Filter>Code\Core\UI</Filter>
    </ClInclude>
    <ClInclude Include="src\ControlField.h">
      <Filter>Code\Core\UI\Settings</Filter>
    </ClInclude>
    <ClInclude Include="src\ColorBarPanel.h">
      <Filter>Code\Core\UI\Settings</Filter>
    </ClInclude>
  </ItemGroup>
  <ItemGroup>
    <ResourceCompile Include="resources\Fernanda.rc">
      <Filter>Resources</Filter>
    </ResourceCompile>
  </ItemGroup>
  <ItemGroup>
    <QtRcc Include="resources\Icons.qrc">
      <Filter>Resources</Filter>
    </QtRcc>
    <QtRcc Include="resources\Ui.qrc">
      <Filter>Resources</Filter>
    </QtRcc>
    <QtRcc Include="translations\QMFiles.qrc">
      <Filter>Translations</Filter>
    </QtRcc>
    <QtRcc Include="external\External.qrc">
      <Filter>Resources</Filter>
    </QtRcc>
    <QtRcc Include="resources\Themes.qrc">
      <Filter>Resources</Filter>
    </QtRcc>
  </ItemGroup>
  <ItemGroup>
    <QtTranslation Include="translations\Translation_es.ts">
      <Filter>Translations</Filter>
    </QtTranslation>
    <QtTranslation Include="translations\Translation_en.ts">
      <Filter>Translations</Filter>
    </QtTranslation>
  </ItemGroup>
</Project>